
Microsoft Visual Studio Solution File, Format Version 12.00
# Visual Studio Version 16
VisualStudioVersion = 16.0.31205.134
MinimumVisualStudioVersion = 10.0.40219.1
Project("{FAE04EC0-301F-11D3-BF4B-00C04F79EFBC}") = "siparisTakip", "siparisTakip\siparisTakip.csproj", "{798465CF-B93B-4D34-AF04-822E84E4C438}"
EndProject
Global
	GlobalSection(SolutionConfigurationPlatforms) = preSolution
		Debug|Any CPU = Debug|Any CPU
		Release|Any CPU = Release|Any CPU
	EndGlobalSection
	GlobalSection(ProjectConfigurationPlatforms) = postSolution
		{798465CF-B93B-4D34-AF04-822E84E4C438}.Debug|Any CPU.ActiveCfg = Debug|Any CPU
		{798465CF-B93B-4D34-AF04-822E84E4C438}.Debug|Any CPU.Build.0 = Debug|Any CPU
		{798465CF-B93B-4D34-AF04-822E84E4C438}.Release|Any CPU.ActiveCfg = Release|Any CPU
		{798465CF-B93B-4D34-AF04-822E84E4C438}.Release|Any CPU.Build.0 = Release|Any CPU
	EndGlobalSection
	GlobalSection(SolutionProperties) = preSolution
		HideSolutionNode = FALSE
	EndGlobalSection
	GlobalSection(ExtensibilityGlobals) = postSolution
		SolutionGuid = {EAEE0BD3-3831-47A2-9BE4-13FBBCDE14F8}
	EndGlobalSection
EndGlobal
